<?xml version="1.0" encoding="utf-8"?>
<Project ToolsVersion="4.0" xmlns="http://schemas.microsoft.com/developer/msbuild/2003">
  <ItemGroup>
    <Filter Include="Source Files">
      <UniqueIdentifier>{4FC737F1-C7A5-4376-A066-2A32D752A2FF}</UniqueIdentifier>
      <Extensions>cpp;c;cc;cxx;def;odl;idl;hpj;bat;asm;asmx</Extensions>
    </Filter>
    <Filter Include="Header Files">
      <UniqueIdentifier>{93995380-89BD-4b04-88EB-625FBE52EBFB}</UniqueIdentifier>
      <Extensions>h;hh;hpp;hxx;hm;inl;inc;xsd</Extensions>
    </Filter>
    <Filter Include="Resource Files">
      <UniqueIdentifier>{67DA6AB6-F800-4c08-8B7A-83BB121AAD01}</UniqueIdentifier>
      <Extensions>rc;ico;cur;bmp;dlg;rc2;rct;bin;rgs;gif;jpg;jpeg;jpe;resx;tiff;tif;png;wav</Extensions>
    </Filter>
  </ItemGroup>
  <ItemGroup>
    <ClCompile Include="implementedAlgorithms.cpp">
      <Filter>Source Files</Filter>
    </ClCompile>
    <ClCompile Include="algorithms\algorithms.cpp">
      <Filter>Source Files</Filter>
    </ClCompile>
    <ClCompile Include="algorithms\conversion.cpp">
      <Filter>Source Files</Filter>
    </ClCompile>
    <ClCompile Include="algorithms\deciToBinary.cpp">
      <Filter>Source Files</Filter>
    </ClCompile>
    <ClCompile Include="algorithms\euclid.cpp">
      <Filter>Source Files</Filter>
    </ClCompile>
    <ClCompile Include="algorithms\factorial.cpp">
      <Filter>Source Files</Filter>
    </ClCompile>
    <ClCompile Include="algorithms\josephus.cpp">
      <Filter>Source Files</Filter>
    </ClCompile>
    <ClCompile Include="algorithms\sieveOfEratosthenes.cpp">
      <Filter>Source Files</Filter>
    </ClCompile>
    <ClCompile Include="datastructures\dataStructures.cpp">
      <Filter>Source Files</Filter>
    </ClCompile>
    <ClCompile Include="datastructures\postfixStack.cpp">
      <Filter>Source Files</Filter>
    </ClCompile>
    <ClCompile Include="datastructures\queue_Array.cpp">
      <Filter>Source Files</Filter>
    </ClCompile>
    <ClCompile Include="datastructures\queue_LinkedList.cpp">
      <Filter>Source Files</Filter>
    </ClCompile>
    <ClCompile Include="datastructures\stack.cpp">
      <Filter>Source Files</Filter>
    </ClCompile>
    <ClCompile Include="datastructures\stacks_linkedList.cpp">
      <Filter>Source Files</Filter>
    </ClCompile>
    <ClCompile Include="linkedlists\linkedList.cpp">
      <Filter>Source Files</Filter>
    </ClCompile>
    <ClCompile Include="linkedlists\linkedListInfo.cpp">
      <Filter>Source Files</Filter>
    </ClCompile>
    <ClCompile Include="sortingalgorithms\bubbleSort.cpp">
      <Filter>Source Files</Filter>
    </ClCompile>
    <ClCompile Include="sortingAlgorithms\sortAlgorithms.cpp">
      <Filter>Source Files</Filter>
    </ClCompile>
    <ClCompile Include="randomAlgorithms\DigPow.cpp">
      <Filter>Source Files</Filter>
    </ClCompile>
    <ClCompile Include="randomAlgorithms\VowelIndex.cpp">
      <Filter>Source Files</Filter>
    </ClCompile>
    <ClCompile Include="sortingAlgorithms\InsertionSort.cpp">
      <Filter>Source Files</Filter>
    </ClCompile>
    <ClCompile Include="trees\TreeAlgorithms.cpp">
      <Filter>Source Files</Filter>
    </ClCompile>
    <ClCompile Include="trees\BinaryTree.cpp">
      <Filter>Source Files</Filter>
    </ClCompile>
    <ClCompile Include="Search\BinarySearch.cpp">
      <Filter>Source Files</Filter>
    </ClCompile>
  </ItemGroup>
  <ItemGroup>
    <ClInclude Include="resource.h">
      <Filter>Header Files</Filter>
    </ClInclude>
    <ClInclude Include="dataStructures\dataStructures.h">
      <Filter>Header Files</Filter>
    </ClInclude>
    <ClInclude Include="dataStructures\Stack.h">
      <Filter>Header Files</Filter>
    </ClInclude>
    <ClInclude Include="dataStructures\PostfixStack.h">
      <Filter>Header Files</Filter>
    </ClInclude>
    <ClInclude Include="dataStructures\Queue_Array.h">
      <Filter>Header Files</Filter>
    </ClInclude>
    <ClInclude Include="dataStructures\Queue_LinkedList.h">
      <Filter>Header Files</Filter>
    </ClInclude>
    <ClInclude Include="dataStructures\Stack_LinkedList.h">
      <Filter>Header Files</Filter>
    </ClInclude>
    <ClInclude Include="algorithms\algorithms.h">
      <Filter>Header Files</Filter>
    </ClInclude>
    <ClInclude Include="algorithms\Conversion.h">
      <Filter>Header Files</Filter>
    </ClInclude>
    <ClInclude Include="algorithms\binaryNumber.h">
      <Filter>Header Files</Filter>
    </ClInclude>
    <ClInclude Include="linkedLists\linkedListInfo.h">
      <Filter>Header Files</Filter>
    </ClInclude>
    <ClInclude Include="sortingAlgorithms\sortAlgorithms.h">
      <Filter>Header Files</Filter>
    </ClInclude>
    <ClInclude Include="sortingAlgorithms\bubbleSort.h">
      <Filter>Header Files</Filter>
    </ClInclude>
    <ClInclude Include="linkedLists\linkedList.h">
      <Filter>Header Files</Filter>
    </ClInclude>
    <ClInclude Include="algorithms\euclid.h">
      <Filter>Header Files</Filter>
    </ClInclude>
    <ClInclude Include="algorithms\factorial.h">
      <Filter>Header Files</Filter>
    </ClInclude>
    <ClInclude Include="algorithms\josephus.h">
      <Filter>Header Files</Filter>
    </ClInclude>
    <ClInclude Include="algorithms\primeNums.h">
      <Filter>Header Files</Filter>
    </ClInclude>
    <ClInclude Include="randomAlgorithms\DigPow.h">
      <Filter>Header Files</Filter>
    </ClInclude>
    <ClInclude Include="randomAlgorithms\VowelIndex.h">
      <Filter>Header Files</Filter>
    </ClInclude>
    <ClInclude Include="sortingAlgorithms\InsertionSort.h">
      <Filter>Header Files</Filter>
    </ClInclude>
    <ClInclude Include="trees\TreeAlgorithms.h">
      <Filter>Header Files</Filter>
    </ClInclude>
    <ClInclude Include="trees\BinaryTree.h">
      <Filter>Header Files</Filter>
    </ClInclude>
    <ClInclude Include="Search\BinarySearch.h">
      <Filter>Header Files</Filter>
    </ClInclude>
  </ItemGroup>
  <ItemGroup>
    <ResourceCompile Include="Algorithms_DataS.rc">
      <Filter>Resource Files</Filter>
    </ResourceCompile>
  </ItemGroup>
</Project>